
Microsoft Visual Studio Solution File, Format Version 12.00
# Visual Studio Version 17
VisualStudioVersion = 17.0.31903.59
MinimumVisualStudioVersion = 10.0.40219.1
Project("{FAE04EC0-301F-11D3-BF4B-00C04F79EFBC}") = "Uqs.Arithmetic", "Uqs.Arithmetic\Uqs.Arithmetic.csproj", "{4AB2C378-764E-48BC-9024-D30C8A1D070E}"
EndProject
Project("{FAE04EC0-301F-11D3-BF4B-00C04F79EFBC}") = "Uqs.Arithmetic.Tests.Unit", "Uqs.Arithmetic.Tests.Unit\Uqs.Arithmetic.Tests.Unit.csproj", "{297DC060-4CEC-438F-96BB-AC7BF85F589E}"
EndProject
Global
	GlobalSection(SolutionConfigurationPlatforms) = preSolution
		Debug|Any CPU = Debug|Any CPU
		Release|Any CPU = Release|Any CPU
	EndGlobalSection
	GlobalSection(SolutionProperties) = preSolution
		HideSolutionNode = FALSE
	EndGlobalSection
	GlobalSection(ProjectConfigurationPlatforms) = postSolution
		{4AB2C378-764E-48BC-9024-D30C8A1D070E}.Debug|Any CPU.ActiveCfg = Debug|Any CPU
		{4AB2C378-764E-48BC-9024-D30C8A1D070E}.Debug|Any CPU.Build.0 = Debug|Any CPU
		{4AB2C378-764E-48BC-9024-D30C8A1D070E}.Release|Any CPU.ActiveCfg = Release|Any CPU
		{4AB2C378-764E-48BC-9024-D30C8A1D070E}.Release|Any CPU.Build.0 = Release|Any CPU
		{297DC060-4CEC-438F-96BB-AC7BF85F589E}.Debug|Any CPU.ActiveCfg = Debug|Any CPU
		{297DC060-4CEC-438F-96BB-AC7BF85F589E}.Debug|Any CPU.Build.0 = Debug|Any CPU
		{297DC060-4CEC-438F-96BB-AC7BF85F589E}.Release|Any CPU.ActiveCfg = Release|Any CPU
		{297DC060-4CEC-438F-96BB-AC7BF85F589E}.Release|Any CPU.Build.0 = Release|Any CPU
	EndGlobalSection
EndGlobal
